
Microsoft Visual Studio Solution File, Format Version 12.00
# Visual Studio Version 17
VisualStudioVersion = 17.4.33110.190
MinimumVisualStudioVersion = 10.0.40219.1
Project("{9A19103F-16F7-4668-BE54-9A1E7A4F7556}") = "Employee.MVC", "Employee.MVC.csproj", "{6C96E477-9825-4163-997D-0DE9983DCE02}"
EndProject
Project("{FAE04EC0-301F-11D3-BF4B-00C04F79EFBC}") = "Employee.MVC.Tests", "..\Employee.MVC.Tests\Employee.MVC.Tests.csproj", "{94BE3235-EB99-4725-B83C-9B186484D48C}"
EndProject
Global
	GlobalSection(SolutionConfigurationPlatforms) = preSolution
		Debug|Any CPU = Debug|Any CPU
		Release|Any CPU = Release|Any CPU
	EndGlobalSection
	GlobalSection(ProjectConfigurationPlatforms) = postSolution
		{6C96E477-9825-4163-997D-0DE9983DCE02}.Debug|Any CPU.ActiveCfg = Debug|Any CPU
		{6C96E477-9825-4163-997D-0DE9983DCE02}.Debug|Any CPU.Build.0 = Debug|Any CPU
		{6C96E477-9825-4163-997D-0DE9983DCE02}.Release|Any CPU.ActiveCfg = Release|Any CPU
		{6C96E477-9825-4163-997D-0DE9983DCE02}.Release|Any CPU.Build.0 = Release|Any CPU
		{94BE3235-EB99-4725-B83C-9B186484D48C}.Debug|Any CPU.ActiveCfg = Debug|Any CPU
		{94BE3235-EB99-4725-B83C-9B186484D48C}.Debug|Any CPU.Build.0 = Debug|Any CPU
		{94BE3235-EB99-4725-B83C-9B186484D48C}.Release|Any CPU.ActiveCfg = Release|Any CPU
		{94BE3235-EB99-4725-B83C-9B186484D48C}.Release|Any CPU.Build.0 = Release|Any CPU
	EndGlobalSection
	GlobalSection(SolutionProperties) = preSolution
		HideSolutionNode = FALSE
	EndGlobalSection
	GlobalSection(ExtensibilityGlobals) = postSolution
		SolutionGuid = {5A0B2C6A-365A-4BC0-BADF-5D8CAE541C05}
	EndGlobalSection
EndGlobal
